<?xml version="1.0" encoding="utf-8"?>
<Project ToolsVersion="4.0" xmlns="http://schemas.microsoft.com/developer/msbuild/2003">
  <ItemGroup>
    <Filter Include="Header Files">
      <UniqueIdentifier>{93995380-89BD-4b04-88EB-625FBE52EBFB}</UniqueIdentifier>
      <Extensions>h;hpp;hxx;hm;inl;inc;xsd</Extensions>
    </Filter>
    <Filter Include="Header Files\commands">
      <UniqueIdentifier>{5638aec8-0597-4de9-8d10-6c848fdf2f0f}</UniqueIdentifier>
    </Filter>
    <Filter Include="Header Files\commands\helpers">
      <UniqueIdentifier>{49c18482-e45f-4c44-81c9-1d2da10736b0}</UniqueIdentifier>
    </Filter>
    <Filter Include="Header Files\FFTerm">
      <UniqueIdentifier>{a0f982db-cc2a-4040-8410-88fa8ebaf3e0}</UniqueIdentifier>
    </Filter>
    <Filter Include="Header Files\FullFAT">
      <UniqueIdentifier>{faaaf8a3-2940-4933-9fdb-7e554b3f2ecf}</UniqueIdentifier>
    </Filter>
    <Filter Include="Header Files\SuperCache">
      <UniqueIdentifier>{cc8ccb01-30a2-4a86-b3d1-118226fe6c25}</UniqueIdentifier>
    </Filter>
    <Filter Include="Resource Files">
      <UniqueIdentifier>{67DA6AB6-F800-4c08-8B7A-83BB121AAD01}</UniqueIdentifier>
      <Extensions>rc;ico;cur;bmp;dlg;rc2;rct;bin;rgs;gif;jpg;jpeg;jpe;resx;tiff;tif;png;wav;mfcribbon-ms</Extensions>
    </Filter>
    <Filter Include="Source Files">
      <UniqueIdentifier>{4FC737F1-C7A5-4376-A066-2A32D752A2FF}</UniqueIdentifier>
      <Extensions>cpp;c;cc;cxx;def;odl;idl;hpj;bat;asm;asmx</Extensions>
    </Filter>
    <Filter Include="Source Files\commands">
      <UniqueIdentifier>{b74776b3-2035-415b-8829-1b514b12c8f9}</UniqueIdentifier>
    </Filter>
    <Filter Include="Source Files\commands\helpers">
      <UniqueIdentifier>{f0a4d0f5-20f1-40be-a9e5-a34d1f1cd3c7}</UniqueIdentifier>
    </Filter>
    <Filter Include="Source Files\Driver">
      <UniqueIdentifier>{9d5df429-cbd0-4964-8f29-c80fd7a85935}</UniqueIdentifier>
    </Filter>
    <Filter Include="Source Files\FFTerm">
      <UniqueIdentifier>{d40ae14d-70ad-47b6-9b7c-2eef9cc9409a}</UniqueIdentifier>
    </Filter>
    <Filter Include="Source Files\FullFAT">
      <UniqueIdentifier>{3513790f-1c1c-45f9-8594-99c7826ef38c}</UniqueIdentifier>
    </Filter>
    <Filter Include="Source Files\SuperCache">
      <UniqueIdentifier>{7dd9df49-ec84-4e9a-bfbf-24e086de8e51}</UniqueIdentifier>
    </Filter>
  </ItemGroup>
  <ItemGroup>
    <ClCompile Include="..\..\..\..\ffterm\src\FFTerm-Commands.c">
      <Filter>Source Files\FFTerm</Filter>
    </ClCompile>
    <ClCompile Include="..\..\..\..\ffterm\src\FFTerm-Error.c">
      <Filter>Source Files\FFTerm</Filter>
    </ClCompile>
    <ClCompile Include="..\..\..\..\ffterm\src\FFTerm.c">
      <Filter>Source Files\FFTerm</Filter>
    </ClCompile>
    <ClCompile Include="..\..\..\Drivers\Windows\blkdev_win32.c">
      <Filter>Source Files\Driver</Filter>
    </ClCompile>
    <ClCompile Include="..\..\..\Drivers\Windows\ff_safety_win32.c">
      <Filter>Source Files\Driver</Filter>
    </ClCompile>
    <ClCompile Include="..\..\..\Drivers\Windows\ff_time_win32.c">
      <Filter>Source Files\Driver</Filter>
    </ClCompile>
    <ClCompile Include="..\..\..\src\ff_blk.c">
      <Filter>Source Files\FullFAT</Filter>
    </ClCompile>
    <ClCompile Include="..\..\..\src\ff_crc.c">
      <Filter>Source Files\FullFAT</Filter>
    </ClCompile>
    <ClCompile Include="..\..\..\src\ff_dir.c">
      <Filter>Source Files\FullFAT</Filter>
    </ClCompile>
    <ClCompile Include="..\..\..\src\ff_error.c">
      <Filter>Source Files\FullFAT</Filter>
    </ClCompile>
    <ClCompile Include="..\..\..\src\ff_fat.c">
      <Filter>Source Files\FullFAT</Filter>
    </ClCompile>
    <ClCompile Include="..\..\..\src\ff_file.c">
      <Filter>Source Files\FullFAT</Filter>
    </ClCompile>
    <ClCompile Include="..\..\..\src\ff_format.c">
      <Filter>Source Files\FullFAT</Filter>
    </ClCompile>
    <ClCompile Include="..\..\..\src\ff_hash.c">
      <Filter>Source Files\FullFAT</Filter>
    </ClCompile>
    <ClCompile Include="..\..\..\src\ff_ioman.c">
      <Filter>Source Files\FullFAT</Filter>
    </ClCompile>
    <ClCompile Include="..\..\..\src\ff_memory.c">
      <Filter>Source Files\FullFAT</Filter>
    </ClCompile>
    <ClCompile Include="..\..\..\src\ff_string.c">
      <Filter>Source Files\FullFAT</Filter>
    </ClCompile>
    <ClCompile Include="..\..\..\src\ff_unicode.c">
      <Filter>Source Files\FullFAT</Filter>
    </ClCompile>
    <ClCompile Include="..\..\cmd\cd_cmd.c">
      <Filter>Source Files\commands</Filter>
    </ClCompile>
    <ClCompile Include="..\..\cmd\cmd_helpers.c">
      <Filter>Source Files\commands\helpers</Filter>
    </ClCompile>
    <ClCompile Include="..\..\cmd\cmd_prompt.c">
      <Filter>Source Files\commands</Filter>
    </ClCompile>
    <ClCompile Include="..\..\cmd\cp_cmd.c">
      <Filter>Source Files\commands</Filter>
    </ClCompile>
    <ClCompile Include="..\..\cmd\dir.c">
      <Filter>Source Files\commands\helpers</Filter>
    </ClCompile>
    <ClCompile Include="..\..\cmd\ls_cmd.c">
      <Filter>Source Files\commands</Filter>
    </ClCompile>
    <ClCompile Include="..\..\cmd\md5sum_cmd.c">
      <Filter>Source Files\commands</Filter>
    </ClCompile>
    <ClCompile Include="..\..\cmd\mkdir_cmd.c">
      <Filter>Source Files\commands</Filter>
    </ClCompile>
    <ClCompile Include="..\..\cmd\pwd_cmd.c">
      <Filter>Source Files\commands</Filter>
    </ClCompile>
    <ClCompile Include="..\..\VS2008\FullFAT\fullfat.c">
      <Filter>Source Files</Filter>
    </ClCompile>
    <ClCompile Include="..\..\VS2008\FullFAT\md5.c">
      <Filter>Source Files</Filter>
    </ClCompile>
    <ClCompile Include="..\..\cmd\geterror_cmd.c">
      <Filter>Source Files\commands</Filter>
    </ClCompile>
    <ClCompile Include="..\..\cmd\mv_cmd.c">
      <Filter>Source Files\commands</Filter>
    </ClCompile>
    <ClCompile Include="..\..\..\..\ffterm\Platforms\Win32\FFTerm-Platform-win32.c">
      <Filter>Source Files\FFTerm</Filter>
    </ClCompile>
    <ClCompile Include="..\..\cmd\cmd_testsuite.c">
      <Filter>Source Files\commands</Filter>
    </ClCompile>
    <ClCompile Include="..\..\cmd\hook.c">
      <Filter>Source Files\commands</Filter>
    </ClCompile>
    <ClCompile Include="..\..\cmd\hexview_cmd.c">
      <Filter>Source Files\commands</Filter>
    </ClCompile>
    <ClCompile Include="..\..\cmd\mkfile_cmd.c">
      <Filter>Source Files\commands</Filter>
    </ClCompile>
    <ClCompile Include="..\..\cmd\more_cmd.c">
      <Filter>Source Files\commands</Filter>
    </ClCompile>
    <ClCompile Include="..\..\cmd\fsinfo_cmd.c">
      <Filter>Source Files\commands</Filter>
    </ClCompile>
  </ItemGroup>
  <ItemGroup>
    <ClInclude Include="..\..\..\..\ffterm\src\FFTerm-Commands.h">
      <Filter>Header Files\FFTerm</Filter>
    </ClInclude>
    <ClInclude Include="..\..\..\..\ffterm\src\FFTerm-Config.h">
      <Filter>Header Files\FFTerm</Filter>
    </ClInclude>
    <ClInclude Include="..\..\..\..\ffterm\src\FFTerm-Error.h">
      <Filter>Header Files\FFTerm</Filter>
    </ClInclude>
    <ClInclude Include="..\..\..\..\ffterm\src\FFTerm-Platform.h">
      <Filter>Header Files\FFTerm</Filter>
    </ClInclude>
    <ClInclude Include="..\..\..\..\ffterm\src\FFTerm-Types.h">
      <Filter>Header Files\FFTerm</Filter>
    </ClInclude>
    <ClInclude Include="..\..\..\..\ffterm\src\FFTerm.h">
      <Filter>Header Files\FFTerm</Filter>
    </ClInclude>
    <ClInclude Include="..\..\..\..\SuperCache\src\sc_error.h">
      <Filter>Header Files\SuperCache</Filter>
    </ClInclude>
    <ClInclude Include="..\..\..\..\SuperCache\src\sc_supercache.h">
      <Filter>Header Files\SuperCache</Filter>
    </ClInclude>
    <ClInclude Include="..\..\..\..\SuperCache\src\sc_types.h">
      <Filter>Header Files\SuperCache</Filter>
    </ClInclude>
    <ClInclude Include="..\..\..\src\ff_blk.h">
      <Filter>Header Files\FullFAT</Filter>
    </ClInclude>
    <ClInclude Include="..\..\..\src\ff_config.h">
      <Filter>Header Files\FullFAT</Filter>
    </ClInclude>
    <ClInclude Include="..\..\..\src\ff_crc.h">
      <Filter>Header Files\FullFAT</Filter>
    </ClInclude>
    <ClInclude Include="..\..\..\src\ff_dir.h">
      <Filter>Header Files\FullFAT</Filter>
    </ClInclude>
    <ClInclude Include="..\..\..\src\ff_error.h">
      <Filter>Header Files\FullFAT</Filter>
    </ClInclude>
    <ClInclude Include="..\..\..\src\ff_fat.h">
      <Filter>Header Files\FullFAT</Filter>
    </ClInclude>
    <ClInclude Include="..\..\..\src\ff_fatdef.h">
      <Filter>Header Files\FullFAT</Filter>
    </ClInclude>
    <ClInclude Include="..\..\..\src\ff_file.h">
      <Filter>Header Files\FullFAT</Filter>
    </ClInclude>
    <ClInclude Include="..\..\..\src\ff_format.h">
      <Filter>Header Files\FullFAT</Filter>
    </ClInclude>
    <ClInclude Include="..\..\..\src\ff_hash.h">
      <Filter>Header Files\FullFAT</Filter>
    </ClInclude>
    <ClInclude Include="..\..\..\src\ff_ioman.h">
      <Filter>Header Files\FullFAT</Filter>
    </ClInclude>
    <ClInclude Include="..\..\..\src\ff_memory.h">
      <Filter>Header Files\FullFAT</Filter>
    </ClInclude>
    <ClInclude Include="..\..\..\src\ff_safety.h">
      <Filter>Header Files\FullFAT</Filter>
    </ClInclude>
    <ClInclude Include="..\..\..\src\ff_string.h">
      <Filter>Header Files\FullFAT</Filter>
    </ClInclude>
    <ClInclude Include="..\..\..\src\ff_time.h">
      <Filter>Header Files\FullFAT</Filter>
    </ClInclude>
    <ClInclude Include="..\..\..\src\ff_types.h">
      <Filter>Header Files\FullFAT</Filter>
    </ClInclude>
    <ClInclude Include="..\..\..\src\fullfat.h">
      <Filter>Header Files\FullFAT</Filter>
    </ClInclude>
    <ClInclude Include="..\..\cmd\cd_cmd.h">
      <Filter>Header Files\commands</Filter>
    </ClInclude>
    <ClInclude Include="..\..\cmd\cmd_helpers.h">
      <Filter>Header Files\commands\helpers</Filter>
    </ClInclude>
    <ClInclude Include="..\..\cmd\cmd_prompt.h">
      <Filter>Header Files\commands</Filter>
    </ClInclude>
    <ClInclude Include="..\..\cmd\commands.h">
      <Filter>Header Files\commands</Filter>
    </ClInclude>
    <ClInclude Include="..\..\cmd\cp_cmd.h">
      <Filter>Header Files\commands</Filter>
    </ClInclude>
    <ClInclude Include="..\..\cmd\dir.h">
      <Filter>Header Files\commands\helpers</Filter>
    </ClInclude>
    <ClInclude Include="..\..\cmd\ls_cmd.h">
      <Filter>Header Files\commands</Filter>
    </ClInclude>
    <ClInclude Include="..\..\cmd\md5sum_cmd.h">
      <Filter>Header Files\commands</Filter>
    </ClInclude>
    <ClInclude Include="..\..\cmd\mkdir_cmd.h">
      <Filter>Header Files\commands</Filter>
    </ClInclude>
    <ClInclude Include="..\..\cmd\pwd_cmd.h">
      <Filter>Header Files\commands</Filter>
    </ClInclude>
    <ClInclude Include="..\..\..\src\ff_unicode.h">
      <Filter>Header Files\FullFAT</Filter>
    </ClInclude>
    <ClInclude Include="..\..\cmd\cmd_testsuite.h">
      <Filter>Source Files\commands</Filter>
    </ClInclude>
  </ItemGroup>
</Project>